// !$*UTF8*$!
{
	archiveVersion = 1;
	classes = {
	};
	objectVersion = 46;
	objects = {

/* Begin PBXBuildFile section */
		C14E68821DC5212500844F44 /* ImageViewController.swift in Sources */ = {isa = PBXBuildFile; fileRef = C14E68811DC5212500844F44 /* ImageViewController.swift */; };
		C14E68841DC5255E00844F44 /* DemoUrl.swift in Sources */ = {isa = PBXBuildFile; fileRef = C14E68831DC5255E00844F44 /* DemoUrl.swift */; };
		C14E68861DC52BAE00844F44 /* CassiniViewController.swift in Sources */ = {isa = PBXBuildFile; fileRef = C14E68851DC52BAE00844F44 /* CassiniViewController.swift */; };
		C1A87ADE1DC51DF900FF1179 /* AppDelegate.swift in Sources */ = {isa = PBXBuildFile; fileRef = C1A87ADD1DC51DF900FF1179 /* AppDelegate.swift */; };
		C1A87AE31DC51DF900FF1179 /* Main.storyboard in Resources */ = {isa = PBXBuildFile; fileRef = C1A87AE11DC51DF900FF1179 /* Main.storyboard */; };
		C1A87AE51DC51DF900FF1179 /* Assets.xcassets in Resources */ = {isa = PBXBuildFile; fileRef = C1A87AE41DC51DF900FF1179 /* Assets.xcassets */; };
		C1A87AE81DC51DF900FF1179 /* LaunchScreen.storyboard in Resources */ = {isa = PBXBuildFile; fileRef = C1A87AE61DC51DF900FF1179 /* LaunchScreen.storyboard */; };
/* End PBXBuildFile section */

/* Begin PBXFileReference section */
		C14E68811DC5212500844F44 /* ImageViewController.swift */ = {isa = PBXFileReference; fileEncoding = 4; lastKnownFileType = sourcecode.swift; name = ImageViewController.swift; path = ../ImageViewController.swift; sourceTree = "<group>"; };
		C14E68831DC5255E00844F44 /* DemoUrl.swift */ = {isa = PBXFileReference; fileEncoding = 4; lastKnownFileType = sourcecode.swift; path = DemoUrl.swift; sourceTree = "<group>"; };
		C14E68851DC52BAE00844F44 /* CassiniViewController.swift */ = {isa = PBXFileReference; fileEncoding = 4; lastKnownFileType = sourcecode.swift; path = CassiniViewController.swift; sourceTree = "<group>"; };
		C1A87ADA1DC51DF900FF1179 /* Cassini-New.app */ = {isa = PBXFileReference; explicitFileType = wrapper.application; includeInIndex = 0; path = "Cassini-New.app"; sourceTree = BUILT_PRODUCTS_DIR; };
		C1A87ADD1DC51DF900FF1179 /* AppDelegate.swift */ = {isa = PBXFileReference; lastKnownFileType = sourcecode.swift; path = AppDelegate.swift; sourceTree = "<group>"; };
		C1A87AE21DC51DF900FF1179 /* Base */ = {isa = PBXFileReference; lastKnownFileType = file.storyboard; name = Base; path = Base.lproj/Main.storyboard; sourceTree = "<group>"; };
		C1A87AE41DC51DF900FF1179 /* Assets.xcassets */ = {isa = PBXFileReference; lastKnownFileType = folder.assetcatalog; path = Assets.xcassets; sourceTree = "<group>"; };
		C1A87AE71DC51DF900FF1179 /* Base */ = {isa = PBXFileReference; lastKnownFileType = file.storyboard; name = Base; path = Base.lproj/LaunchScreen.storyboard; sourceTree = "<group>"; };
		C1A87AE91DC51DF900FF1179 /* Info.plist */ = {isa = PBXFileReference; lastKnownFileType = text.plist.xml; path = Info.plist; sourceTree = "<group>"; };
/* End PBXFileReference section */

/* Begin PBXFrameworksBuildPhase section */
		C1A87AD71DC51DF900FF1179 /* Frameworks */ = {
			isa = PBXFrameworksBuildPhase;
			buildActionMask = 2147483647;
			files = (
			);
			runOnlyForDeploymentPostprocessing = 0;
		};
/* End PBXFrameworksBuildPhase section */

/* Begin PBXGroup section */
		C14E68801DC520CF00844F44 /* Supporting files */ = {
			isa = PBXGroup;
			children = (
				C1A87ADD1DC51DF900FF1179 /* AppDelegate.swift */,
				C1A87AE41DC51DF900FF1179 /* Assets.xcassets */,
				C1A87AE61DC51DF900FF1179 /* LaunchScreen.storyboard */,
			);
			name = "Supporting files";
			sourceTree = "<group>";
		};
		C1A87AD11DC51DF900FF1179 = {
			isa = PBXGroup;
			children = (
				C1A87ADC1DC51DF900FF1179 /* Cassini-New */,
				C1A87ADB1DC51DF900FF1179 /* Products */,
			);
			sourceTree = "<group>";
		};
		C1A87ADB1DC51DF900FF1179 /* Products */ = {
			isa = PBXGroup;
			children = (
				C1A87ADA1DC51DF900FF1179 /* Cassini-New.app */,
			);
			name = Products;
			sourceTree = "<group>";
		};
		C1A87ADC1DC51DF900FF1179 /* Cassini-New */ = {
			isa = PBXGroup;
			children = (
				C14E68811DC5212500844F44 /* ImageViewController.swift */,
				C1A87AE11DC51DF900FF1179 /* Main.storyboard */,
				C14E68851DC52BAE00844F44 /* CassiniViewController.swift */,
				C1A87AE91DC51DF900FF1179 /* Info.plist */,
				C14E68801DC520CF00844F44 /* Supporting files */,
				C14E68831DC5255E00844F44 /* DemoUrl.swift */,
			);
			path = "Cassini-New";
			sourceTree = "<group>";
		};
/* End PBXGroup section */

/* Begin PBXNativeTarget section */
		C1A87AD91DC51DF900FF1179 /* Cassini-New */ = {
			isa = PBXNativeTarget;
			buildConfigurationList = C1A87AEC1DC51DF900FF1179 /* Build configuration list for PBXNativeTarget "Cassini-New" */;
			buildPhases = (
				C1A87AD61DC51DF900FF1179 /* Sources */,
				C1A87AD71DC51DF900FF1179 /* Frameworks */,
				C1A87AD81DC51DF900FF1179 /* Resources */,
			);
			buildRules = (
			);
			dependencies = (
			);
			name = "Cassini-New";
			productName = "Cassini-New";
			productReference = C1A87ADA1DC51DF900FF1179 /* Cassini-New.app */;
			productType = "com.apple.product-type.application";
		};
/* End PBXNativeTarget section */

/* Begin PBXProject section */
		C1A87AD21DC51DF900FF1179 /* Project object */ = {
			isa = PBXProject;
			attributes = {
				LastSwiftUpdateCheck = 0800;
				LastUpgradeCheck = 0800;
				ORGANIZATIONNAME = "Orest Hazda";
				TargetAttributes = {
					C1A87AD91DC51DF900FF1179 = {
						CreatedOnToolsVersion = 8.0;
						DevelopmentTeam = MCM3XM2622;
						ProvisioningStyle = Automatic;
					};
				};
			};
			buildConfigurationList = C1A87AD51DC51DF900FF1179 /* Build configuration list for PBXProject "Cassini-New" */;
			compatibilityVersion = "Xcode 3.2";
			developmentRegion = English;
			hasScannedForEncodings = 0;
			knownRegions = (
				en,
				Base,
			);
			mainGroup = C1A87AD11DC51DF900FF1179;
			productRefGroup = C1A87ADB1DC51DF900FF1179 /* Products */;
			projectDirPath = "";
			projectRoot = "";
			targets = (
				C1A87AD91DC51DF900FF1179 /* Cassini-New */,
			);
		};
/* End PBXProject section */

/* Begin PBXResourcesBuildPhase section */
		C1A87AD81DC51DF900FF1179 /* Resources */ = {
			isa = PBXResourcesBuildPhase;
			buildActionMask = 2147483647;
			files = (
				C1A87AE81DC51DF900FF1179 /* LaunchScreen.storyboard in Resources */,
				C1A87AE51DC51DF900FF1179 /* Assets.xcassets in Resources */,
				C1A87AE31DC51DF900FF1179 /* Main.storyboard in Resources */,
			);
			runOnlyForDeploymentPostprocessing = 0;
		};
/* End PBXResourcesBuildPhase section */

/* Begin PBXSourcesBuildPhase section */
		C1A87AD61DC51DF900FF1179 /* Sources */ = {
			isa = PBXSourcesBuildPhase;
			buildActionMask = 2147483647;
			files = (
				C14E68821DC5212500844F44 /* ImageViewController.swift in Sources */,
				C14E68841DC5255E00844F44 /* DemoUrl.swift in Sources */,
				C1A87ADE1DC51DF900FF1179 /* AppDelegate.swift in Sources */,
				C14E68861DC52BAE00844F44 /* CassiniViewController.swift in Sources */,
			);
			runOnlyForDeploymentPostprocessing = 0;
		};
/* End PBXSourcesBuildPhase section */

/* Begin PBXVariantGroup section */
		C1A87AE11DC51DF900FF1179 /* Main.storyboard */ = {
			isa = PBXVariantGroup;
			children = (
				C1A87AE21DC51DF900FF1179 /* Base */,
			);
			name = Main.storyboard;
			sourceTree = "<group>";
		};
		C1A87AE61DC51DF900FF1179 /* LaunchScreen.storyboard */ = {
			isa = PBXVariantGroup;
			children = (
				C1A87AE71DC51DF900FF1179 /* Base */,
			);
			name = LaunchScreen.storyboard;
			sourceTree = "<group>";
		};
/* End PBXVariantGroup section */

/* Begin XCBuildConfiguration section */
		C1A87AEA1DC51DF900FF1179 /* Debug */ = {
			isa = XCBuildConfiguration;
			buildSettings = {
				ALWAYS_SEARCH_USER_PATHS = NO;
				CLANG_ANALYZER_NONNULL = YES;
				CLANG_CXX_LANGUAGE_STANDARD = "gnu++0x";
				CLANG_CXX_LIBRARY = "libc++";
				CLANG_ENABLE_MODULES = YES;
				CLANG_ENABLE_OBJC_ARC = YES;
				CLANG_WARN_BOOL_CONVERSION = YES;
				CLANG_WARN_CONSTANT_CONVERSION = YES;
				CLANG_WARN_DIRECT_OBJC_ISA_USAGE = YES_ERROR;
				CLANG_WARN_DOCUMENTATION_COMMENTS = YES;
				CLANG_WARN_EMPTY_BODY = YES;
				CLANG_WARN_ENUM_CONVERSION = YES;
				CLANG_WARN_INFINITE_RECURSION = YES;
				CLANG_WARN_INT_CONVERSION = YES;
				CLANG_WARN_OBJC_ROOT_CLASS = YES_ERROR;
				CLANG_WARN_SUSPICIOUS_MOVES = YES;
				CLANG_WARN_UNREACHABLE_CODE = YES;
				CLANG_WARN__DUPLICATE_METHOD_MATCH = YES;
				"CODE_SIGN_IDENTITY[sdk=iphoneos*]" = "iPhone Developer";
				COPY_PHASE_STRIP = NO;
				DEBUG_INFORMATION_FORMAT = dwarf;
				ENABLE_STRICT_OBJC_MSGSEND = YES;
				ENABLE_TESTABILITY = YES;
				GCC_C_LANGUAGE_STANDARD = gnu99;
				GCC_DYNAMIC_NO_PIC = NO;
				GCC_NO_COMMON_BLOCKS = YES;
				GCC_OPTIMIZATION_LEVEL = 0;
				GCC_PREPROCESSOR_DEFINITIONS = (
					"DEBUG=1",
					"$(inherited)",
				);
				GCC_WARN_64_TO_32_BIT_CONVERSION = YES;
				GCC_WARN_ABOUT_RETURN_TYPE = YES_ERROR;
				GCC_WARN_UNDECLARED_SELECTOR = YES;
				GCC_WARN_UNINITIALIZED_AUTOS = YES_AGGRESSIVE;
				GCC_WARN_UNUSED_FUNCTION = YES;
				GCC_WARN_UNUSED_VARIABLE = YES;
				IPHONEOS_DEPLOYMENT_TARGET = 10.0;
				MTL_ENABLE_DEBUG_INFO = YES;
				ONLY_ACTIVE_ARCH = YES;
				SDKROOT = iphoneos;
				SWIFT_ACTIVE_COMPILATION_CONDITIONS = DEBUG;
				SWIFT_OPTIMIZATION_LEVEL = "-Onone";
			};
			name = Debug;
		};
		C1A87AEB1DC51DF900FF1179 /* Release */ = {
			isa = XCBuildConfiguration;
			buildSettings = {
				ALWAYS_SEARCH_USER_PATHS = NO;
				CLANG_ANALYZER_NONNULL = YES;
				CLANG_CXX_LANGUAGE_STANDARD = "gnu++0x";
				CLANG_CXX_LIBRARY = "libc++";
				CLANG_ENABLE_MODULES = YES;
				CLANG_ENABLE_OBJC_ARC = YES;
				CLANG_WARN_BOOL_CONVERSION = YES;
				CLANG_WARN_CONSTANT_CONVERSION = YES;
				CLANG_WARN_DIRECT_OBJC_ISA_USAGE = YES_ERROR;
				CLANG_WARN_DOCUMENTATION_COMMENTS = YES;
				CLANG_WARN_EMPTY_BODY = YES;
				CLANG_WARN_ENUM_CONVERSION = YES;
				CLANG_WARN_INFINITE_RECURSION = YES;
				CLANG_WARN_INT_CONVERSION = YES;
				CLANG_WARN_OBJC_ROOT_CLASS = YES_ERROR;
				CLANG_WARN_SUSPICIOUS_MOVES = YES;
				CLANG_WARN_UNREACHABLE_CODE = YES;
				CLANG_WARN__DUPLICATE_METHOD_MATCH = YES;
				"CODE_SIGN_IDENTITY[sdk=iphoneos*]" = "iPhone Developer";
				COPY_PHASE_STRIP = NO;
				DEBUG_INFORMATION_FORMAT = "dwarf-with-dsym";
				ENABLE_NS_ASSERTIONS = NO;
				ENABLE_STRICT_OBJC_MSGSEND = YES;
				GCC_C_LANGUAGE_STANDARD = gnu99;
				GCC_NO_COMMON_BLOCKS = YES;
				GCC_WARN_64_TO_32_BIT_CONVERSION = YES;
				GCC_WARN_ABOUT_RETURN_TYPE = YES_ERROR;
				GCC_WARN_UNDECLARED_SELECTOR = YES;
				GCC_WARN_UNINITIALIZED_AUTOS = YES_AGGRESSIVE;
				GCC_WARN_UNUSED_FUNCTION = YES;
				GCC_WARN_UNUSED_VARIABLE = YES;
				IPHONEOS_DEPLOYMENT_TARGET = 10.0;
				MTL_ENABLE_DEBUG_INFO = NO;
				SDKROOT = iphoneos;
				SWIFT_OPTIMIZATION_LEVEL = "-Owholemodule";
				VALIDATE_PRODUCT = YES;
			};
			name = Release;
		};
		C1A87AED1DC51DF900FF1179 /* Debug */ = {
			isa = XCBuildConfiguration;
			buildSettings = {
				ASSETCATALOG_COMPILER_APPICON_NAME = AppIcon;
				"CODE_SIGN_IDENTITY[sdk=iphoneos*]" = "iPhone Developer";
				DEVELOPMENT_TEAM = MCM3XM2622;
				INFOPLIST_FILE = "Cassini-New/Info.plist";
				LD_RUNPATH_SEARCH_PATHS = "$(inherited) @executable_path/Frameworks";
				PRODUCT_BUNDLE_IDENTIFIER = "com.Orest.Cassini-New";
				PRODUCT_NAME = "$(TARGET_NAME)";
				SWIFT_VERSION = 3.0;
				TARGETED_DEVICE_FAMILY = "1,2";
			};
			name = Debug;
		};
		C1A87AEE1DC51DF900FF1179 /* Release */ = {
			isa = XCBuildConfiguration;
			buildSettings = {
				ASSETCATALOG_COMPILER_APPICON_NAME = AppIcon;
				"CODE_SIGN_IDENTITY[sdk=iphoneos*]" = "iPhone Developer";
				DEVELOPMENT_TEAM = MCM3XM2622;
				INFOPLIST_FILE = "Cassini-New/Info.plist";
				LD_RUNPATH_SEARCH_PATHS = "$(inherited) @executable_path/Frameworks";
				PRODUCT_BUNDLE_IDENTIFIER = "com.Orest.Cassini-New";
				PRODUCT_NAME = "$(TARGET_NAME)";
				SWIFT_VERSION = 3.0;
				TARGETED_DEVICE_FAMILY = "1,2";
			};
			name = Release;
		};
/* End XCBuildConfiguration section */

/* Begin XCConfigurationList section */
		C1A87AD51DC51DF900FF1179 /* Build configuration list for PBXProject "Cassini-New" */ = {
			isa = XCConfigurationList;
			buildConfigurations = (
				C1A87AEA1DC51DF900FF1179 /* Debug */,
				C1A87AEB1DC51DF900FF1179 /* Release */,
			);
			defaultConfigurationIsVisible = 0;
			defaultConfigurationName = Release;
		};
		C1A87AEC1DC51DF900FF1179 /* Build configuration list for PBXNativeTarget "Cassini-New" */ = {
			isa = XCConfigurationList;
			buildConfigurations = (
				C1A87AED1DC51DF900FF1179 /* Debug */,
				C1A87AEE1DC51DF900FF1179 /* Release */,
			);
			defaultConfigurationIsVisible = 0;
			defaultConfigurationName = Release;
		};
/* End XCConfigurationList section */
	};
	rootObject = C1A87AD21DC51DF900FF1179 /* Project object */;
}
